<Solution>
  <Folder Name="/src/">
    <Project Path="src/DataProviders.EventsProvider/DataProviders.EventsProvider.csproj" />
    <Project Path="src/DataProviders.PricingProvider/DataProviders.PricingProvider.csproj" />
    <Project Path="src/DataProviders.Shared/DataProviders.Shared.csproj" />
    <Project Path="src/DataProviders.Tests/DataProviders.Tests.csproj" />
  </Folder>
</Solution>
